
Microsoft Visual Studio Solution File, Format Version 12.00
# Visual Studio Version 17
VisualStudioVersion = 17.4.33213.308
MinimumVisualStudioVersion = 10.0.40219.1
Project("{FAE04EC0-301F-11D3-BF4B-00C04F79EFBC}") = "Laboratorio05", "Laboratorio05\Laboratorio05.csproj", "{86CCF07C-EC86-42F8-9131-65A2BDB60988}"
EndProject
Project("{FAE04EC0-301F-11D3-BF4B-00C04F79EFBC}") = "Laboratorio05Tests", "Laboratorio05Tests\Laboratorio05Tests.csproj", "{8B264B97-F114-424D-9060-2257C1F1D732}"
EndProject
Global
	GlobalSection(SolutionConfigurationPlatforms) = preSolution
		Debug|Any CPU = Debug|Any CPU
		Release|Any CPU = Release|Any CPU
	EndGlobalSection
	GlobalSection(ProjectConfigurationPlatforms) = postSolution
		{86CCF07C-EC86-42F8-9131-65A2BDB60988}.Debug|Any CPU.ActiveCfg = Debug|Any CPU
		{86CCF07C-EC86-42F8-9131-65A2BDB60988}.Debug|Any CPU.Build.0 = Debug|Any CPU
		{86CCF07C-EC86-42F8-9131-65A2BDB60988}.Release|Any CPU.ActiveCfg = Release|Any CPU
		{86CCF07C-EC86-42F8-9131-65A2BDB60988}.Release|Any CPU.Build.0 = Release|Any CPU
		{8B264B97-F114-424D-9060-2257C1F1D732}.Debug|Any CPU.ActiveCfg = Debug|Any CPU
		{8B264B97-F114-424D-9060-2257C1F1D732}.Debug|Any CPU.Build.0 = Debug|Any CPU
		{8B264B97-F114-424D-9060-2257C1F1D732}.Release|Any CPU.ActiveCfg = Release|Any CPU
		{8B264B97-F114-424D-9060-2257C1F1D732}.Release|Any CPU.Build.0 = Release|Any CPU
	EndGlobalSection
	GlobalSection(SolutionProperties) = preSolution
		HideSolutionNode = FALSE
	EndGlobalSection
	GlobalSection(ExtensibilityGlobals) = postSolution
		SolutionGuid = {2FE79100-FD38-4E83-A92C-30790F710278}
	EndGlobalSection
EndGlobal
